<?xml version="1.0" encoding="utf-8"?>
<Project ToolsVersion="4.0" xmlns="http://schemas.microsoft.com/developer/msbuild/2003">
  <ItemGroup>
    <Filter Include="Source Files">
      <UniqueIdentifier>{4FC737F1-C7A5-4376-A066-2A32D752A2FF}</UniqueIdentifier>
      <Extensions>cpp;cxx;c;def</Extensions>
    </Filter>
    <Filter Include="Header Files">
      <UniqueIdentifier>{93995380-89BD-4b04-88EB-625FBE52EBFB}</UniqueIdentifier>
      <Extensions>h</Extensions>
    </Filter>
    <Filter Include="Form Files">
      <UniqueIdentifier>{99349809-55BA-4b9d-BF79-8FDBB0286EB3}</UniqueIdentifier>
      <Extensions>ui</Extensions>
    </Filter>
    <Filter Include="Resource Files">
      <UniqueIdentifier>{D9D6E242-F8AF-46E4-B9FD-80ECBC20BA3E}</UniqueIdentifier>
      <Extensions>qrc;*</Extensions>
      <ParseFiles>false</ParseFiles>
    </Filter>
    <Filter Include="Generated Files">
      <UniqueIdentifier>{71ED8ED8-ACB9-4CE9-BBE1-E00B30144E11}</UniqueIdentifier>
      <Extensions>moc;h;cpp</Extensions>
      <SourceControlFiles>False</SourceControlFiles>
    </Filter>
    <Filter Include="Generated Files\Debug">
      <UniqueIdentifier>{021e889a-17a8-46bf-bc7f-540a3abb91f8}</UniqueIdentifier>
      <Extensions>cpp;moc</Extensions>
      <SourceControlFiles>False</SourceControlFiles>
    </Filter>
    <Filter Include="Generated Files\Release">
      <UniqueIdentifier>{925243ef-36b1-4259-85bd-935764cf5c4d}</UniqueIdentifier>
      <Extensions>cpp;moc</Extensions>
      <SourceControlFiles>False</SourceControlFiles>
    </Filter>
    <Filter Include="Utility">
      <UniqueIdentifier>{a8dd8d27-1584-4cbb-a915-177099d9378f}</UniqueIdentifier>
    </Filter>
    <Filter Include="Utility\Header">
      <UniqueIdentifier>{7a43ed55-965a-4eb0-a6eb-4b70eedff843}</UniqueIdentifier>
    </Filter>
    <Filter Include="Utility\Source">
      <UniqueIdentifier>{9525ca90-c004-4e3a-9cc5-2a13201ac2d0}</UniqueIdentifier>
    </Filter>
  </ItemGroup>
  <ItemGroup>
    <ClCompile Include="main.cpp">
      <Filter>Source Files</Filter>
    </ClCompile>
    <ClCompile Include="GeneratedFiles\Debug\moc_l021gui.cpp">
      <Filter>Generated Files\Debug</Filter>
    </ClCompile>
    <ClCompile Include="UTProfiler.cpp">
      <Filter>Source Files</Filter>
    </ClCompile>
    <ClCompile Include="Dossier.cpp">
      <Filter>Source Files</Filter>
    </ClCompile>
    <ClCompile Include="Cursus.cpp">
      <Filter>Source Files</Filter>
    </ClCompile>
    <ClCompile Include="Ensemblist.cpp">
      <Filter>Utility\Source</Filter>
    </ClCompile>
    <ClCompile Include="UV.cpp">
      <Filter>Source Files</Filter>
    </ClCompile>
    <ClCompile Include="UVDialog.cpp">
      <Filter>Source Files</Filter>
    </ClCompile>
    <ClCompile Include="GuiFunctions.cpp">
      <Filter>Utility\Source</Filter>
    </ClCompile>
    <ClCompile Include="UVList.cpp">
      <Filter>Source Files</Filter>
    </ClCompile>
    <ClCompile Include="Other.cpp">
      <Filter>Utility\Source</Filter>
    </ClCompile>
    <ClCompile Include="Semestre.cpp">
      <Filter>Source Files</Filter>
    </ClCompile>
    <ClCompile Include="l021gui_UV.cpp">
      <Filter>Source Files</Filter>
    </ClCompile>
    <ClCompile Include="l021gui_Dossier.cpp">
      <Filter>Source Files</Filter>
    </ClCompile>
    <ClCompile Include="l021gui_Binding.cpp">
      <Filter>Source Files</Filter>
    </ClCompile>
  </ItemGroup>
  <ItemGroup>
    <CustomBuild Include="l021gui.h">
      <Filter>Header Files</Filter>
    </CustomBuild>
    <CustomBuild Include="l021gui.ui">
      <Filter>Form Files</Filter>
    </CustomBuild>
    <CustomBuild Include="GeneratedFiles\ui_l021gui.h">
      <Filter>Generated Files</Filter>
    </CustomBuild>
    <CustomBuild Include="AddUV.ui">
      <Filter>Form Files</Filter>
    </CustomBuild>
    <CustomBuild Include="UV_popup.ui">
      <Filter>Form Files</Filter>
    </CustomBuild>
    <CustomBuild Include="main_window.ui">
      <Filter>Form Files</Filter>
    </CustomBuild>
  </ItemGroup>
  <ItemGroup>
    <ClInclude Include="GeneratedFiles\ui_AddUV.h">
      <Filter>Generated Files</Filter>
    </ClInclude>
    <ClInclude Include="UVDialog.h">
      <Filter>Header Files</Filter>
    </ClInclude>
    <ClInclude Include="UTProfiler.h">
      <Filter>Header Files</Filter>
    </ClInclude>
    <ClInclude Include="Dossier.h">
      <Filter>Header Files</Filter>
    </ClInclude>
    <ClInclude Include="Cursus.h">
      <Filter>Header Files</Filter>
    </ClInclude>
    <ClInclude Include="AllUtility.h">
      <Filter>Utility\Header</Filter>
    </ClInclude>
    <ClInclude Include="UV.hpp">
      <Filter>Header Files</Filter>
    </ClInclude>
    <ClInclude Include="Other.hpp">
      <Filter>Utility\Header</Filter>
    </ClInclude>
    <ClInclude Include="Validator.h">
      <Filter>Utility\Header</Filter>
    </ClInclude>
    <ClInclude Include="DossierEtCursus.h">
      <Filter>Header Files</Filter>
    </ClInclude>
    <ClInclude Include="Ensemblist_win.h">
      <Filter>Utility\Header</Filter>
    </ClInclude>
    <ClInclude Include="Ensemblist_lin.h">
      <Filter>Utility\Header</Filter>
    </ClInclude>
    <ClInclude Include="Ensemblist.h">
      <Filter>Utility\Header</Filter>
    </ClInclude>
    <ClInclude Include="GuiFunctions.h">
      <Filter>Utility\Header</Filter>
    </ClInclude>
    <ClInclude Include="GeneratedFiles\ui_UV_popup.h">
      <Filter>Generated Files</Filter>
    </ClInclude>
    <ClInclude Include="GeneratedFiles\ui_main_window.h">
      <Filter>Generated Files</Filter>
    </ClInclude>
    <ClInclude Include="UVList.h">
      <Filter>Header Files</Filter>
    </ClInclude>
    <ClInclude Include="Semestre.h">
      <Filter>Header Files</Filter>
    </ClInclude>
  </ItemGroup>
  <ItemGroup>
    <None Include="ClassDiagram.cd" />
  </ItemGroup>
</Project>